{
  "name": "crypto-blockchain",
  "version": "1.0.2",
  "lockfileVersion": 1,
  "requires": true,
  "dependencies": {
    "crypto-linked-list": {
      "version": "1.0.3",
      "resolved": "https://registry.npmjs.org/crypto-linked-list/-/crypto-linked-list-1.0.3.tgz",
      "integrity": "sha512-4LZwnKbJREBUa+ROUzmrGqZY4+z2HQPEvi9RtgaLs6/COsDnfiKbXQaW+V91gUn1lJHF/3ZB3ctgEFWoQ05CUQ=="
    },
    "node-service-client": {
      "version": "1.0.0",
      "resolved": "https://registry.npmjs.org/node-service-client/-/node-service-client-1.0.0.tgz",
      "integrity": "sha512-lKmUr3dZHZVHdGVC7ZPYaJ4GlXUSJ+4ArXvb2wYPMtha24XINwEdn8a+rk4ftoQNIyKveilSQwE4dTvLGrNCRw=="
    }
  }
}
